
Microsoft Visual Studio Solution File, Format Version 12.00
# Visual Studio Version 16
VisualStudioVersion = 16.0.34407.143
MinimumVisualStudioVersion = 10.0.40219.1
Project("{8BC9CEB8-8B4A-11D0-8D11-00A0C91BC942}") = "lab4", "lab4\lab4.vcxproj", "{AF520A5F-FCCC-4CE4-A4F5-3A59672837EC}"
EndProject
Global
	GlobalSection(SolutionConfigurationPlatforms) = preSolution
		Debug|x64 = Debug|x64
		Debug|x86 = Debug|x86
		Release|x64 = Release|x64
		Release|x86 = Release|x86
	EndGlobalSection
	GlobalSection(ProjectConfigurationPlatforms) = postSolution
		{AF520A5F-FCCC-4CE4-A4F5-3A59672837EC}.Debug|x64.ActiveCfg = Debug|x64
		{AF520A5F-FCCC-4CE4-A4F5-3A59672837EC}.Debug|x64.Build.0 = Debug|x64
		{AF520A5F-FCCC-4CE4-A4F5-3A59672837EC}.Debug|x86.ActiveCfg = Debug|Win32
		{AF520A5F-FCCC-4CE4-A4F5-3A59672837EC}.Debug|x86.Build.0 = Debug|Win32
		{AF520A5F-FCCC-4CE4-A4F5-3A59672837EC}.Release|x64.ActiveCfg = Release|x64
		{AF520A5F-FCCC-4CE4-A4F5-3A59672837EC}.Release|x64.Build.0 = Release|x64
		{AF520A5F-FCCC-4CE4-A4F5-3A59672837EC}.Release|x86.ActiveCfg = Release|Win32
		{AF520A5F-FCCC-4CE4-A4F5-3A59672837EC}.Release|x86.Build.0 = Release|Win32
	EndGlobalSection
	GlobalSection(SolutionProperties) = preSolution
		HideSolutionNode = FALSE
	EndGlobalSection
	GlobalSection(ExtensibilityGlobals) = postSolution
		SolutionGuid = {608A79AC-32E7-464C-A4B1-9051B2F24D30}
	EndGlobalSection
EndGlobal
